
Microsoft Visual Studio Solution File, Format Version 12.00
# Visual Studio Version 17
VisualStudioVersion = 17.11.35327.3
MinimumVisualStudioVersion = 10.0.40219.1
Project("{FAE04EC0-301F-11D3-BF4B-00C04F79EFBC}") = "ApiHost", "ApiHost\ApiHost.csproj", "{EC638F6D-0780-4611-AB6F-2FA6B01DC6F0}"
EndProject
Global
	GlobalSection(SolutionConfigurationPlatforms) = preSolution
		Debug|Any CPU = Debug|Any CPU
		Release|Any CPU = Release|Any CPU
	EndGlobalSection
	GlobalSection(ProjectConfigurationPlatforms) = postSolution
		{EC638F6D-0780-4611-AB6F-2FA6B01DC6F0}.Debug|Any CPU.ActiveCfg = Debug|Any CPU
		{EC638F6D-0780-4611-AB6F-2FA6B01DC6F0}.Debug|Any CPU.Build.0 = Debug|Any CPU
		{EC638F6D-0780-4611-AB6F-2FA6B01DC6F0}.Release|Any CPU.ActiveCfg = Release|Any CPU
		{EC638F6D-0780-4611-AB6F-2FA6B01DC6F0}.Release|Any CPU.Build.0 = Release|Any CPU
	EndGlobalSection
	GlobalSection(SolutionProperties) = preSolution
		HideSolutionNode = FALSE
	EndGlobalSection
	GlobalSection(ExtensibilityGlobals) = postSolution
		SolutionGuid = {6276D4C9-5865-4DEB-9105-53EDC989DE56}
	EndGlobalSection
EndGlobal
